
Microsoft Visual Studio Solution File, Format Version 12.00
# Visual Studio Version 16
VisualStudioVersion = 16.0.29411.108
MinimumVisualStudioVersion = 10.0.40219.1
Project("{FAE04EC0-301F-11D3-BF4B-00C04F79EFBC}") = "StatePattern", "ConsoleApp1\StatePattern.csproj", "{89978BCC-28AA-4D55-9105-73C0D24C456C}"
EndProject
Global
	GlobalSection(SolutionConfigurationPlatforms) = preSolution
		Debug|Any CPU = Debug|Any CPU
		Release|Any CPU = Release|Any CPU
	EndGlobalSection
	GlobalSection(ProjectConfigurationPlatforms) = postSolution
		{89978BCC-28AA-4D55-9105-73C0D24C456C}.Debug|Any CPU.ActiveCfg = Debug|Any CPU
		{89978BCC-28AA-4D55-9105-73C0D24C456C}.Debug|Any CPU.Build.0 = Debug|Any CPU
		{89978BCC-28AA-4D55-9105-73C0D24C456C}.Release|Any CPU.ActiveCfg = Release|Any CPU
		{89978BCC-28AA-4D55-9105-73C0D24C456C}.Release|Any CPU.Build.0 = Release|Any CPU
	EndGlobalSection
	GlobalSection(SolutionProperties) = preSolution
		HideSolutionNode = FALSE
	EndGlobalSection
	GlobalSection(ExtensibilityGlobals) = postSolution
		SolutionGuid = {7FAEB251-3362-415D-937F-76BE54E7B785}
	EndGlobalSection
EndGlobal
